
Microsoft Visual Studio Solution File, Format Version 12.00
# Visual Studio Version 16
VisualStudioVersion = 16.0.30320.27
MinimumVisualStudioVersion = 10.0.40219.1
Project("{FAE04EC0-301F-11D3-BF4B-00C04F79EFBC}") = "OgreConsole", "OgreConsole\OgreConsole.csproj", "{02037C05-2062-49EF-9808-EEAAA14C543F}"
EndProject
Project("{FAE04EC0-301F-11D3-BF4B-00C04F79EFBC}") = "OgreForms", "OgreForms\OgreForms.csproj", "{5142AA20-96B1-45F1-954A-21BEF95D440C}"
EndProject
Project("{FAE04EC0-301F-11D3-BF4B-00C04F79EFBC}") = "OgreWpf", "OgreWpf\OgreWpf.csproj", "{933546E9-AB63-4892-8F37-9750C5D3F4E9}"
EndProject
Project("{FAE04EC0-301F-11D3-BF4B-00C04F79EFBC}") = "Ogre.GUI.Common", "Ogre.GUI.Common\Ogre.GUI.Common.csproj", "{67830639-3044-41AE-A670-21B310BA6923}"
EndProject
Global
	GlobalSection(SolutionConfigurationPlatforms) = preSolution
		Debug|Any CPU = Debug|Any CPU
		Release|Any CPU = Release|Any CPU
	EndGlobalSection
	GlobalSection(ProjectConfigurationPlatforms) = postSolution
		{02037C05-2062-49EF-9808-EEAAA14C543F}.Debug|Any CPU.ActiveCfg = Debug|Any CPU
		{02037C05-2062-49EF-9808-EEAAA14C543F}.Debug|Any CPU.Build.0 = Debug|Any CPU
		{02037C05-2062-49EF-9808-EEAAA14C543F}.Release|Any CPU.ActiveCfg = Release|Any CPU
		{02037C05-2062-49EF-9808-EEAAA14C543F}.Release|Any CPU.Build.0 = Release|Any CPU
		{5142AA20-96B1-45F1-954A-21BEF95D440C}.Debug|Any CPU.ActiveCfg = Debug|Any CPU
		{5142AA20-96B1-45F1-954A-21BEF95D440C}.Debug|Any CPU.Build.0 = Debug|Any CPU
		{5142AA20-96B1-45F1-954A-21BEF95D440C}.Release|Any CPU.ActiveCfg = Release|Any CPU
		{5142AA20-96B1-45F1-954A-21BEF95D440C}.Release|Any CPU.Build.0 = Release|Any CPU
		{933546E9-AB63-4892-8F37-9750C5D3F4E9}.Debug|Any CPU.ActiveCfg = Debug|Any CPU
		{933546E9-AB63-4892-8F37-9750C5D3F4E9}.Debug|Any CPU.Build.0 = Debug|Any CPU
		{933546E9-AB63-4892-8F37-9750C5D3F4E9}.Release|Any CPU.ActiveCfg = Release|Any CPU
		{933546E9-AB63-4892-8F37-9750C5D3F4E9}.Release|Any CPU.Build.0 = Release|Any CPU
		{67830639-3044-41AE-A670-21B310BA6923}.Debug|Any CPU.ActiveCfg = Debug|Any CPU
		{67830639-3044-41AE-A670-21B310BA6923}.Debug|Any CPU.Build.0 = Debug|Any CPU
		{67830639-3044-41AE-A670-21B310BA6923}.Release|Any CPU.ActiveCfg = Release|Any CPU
		{67830639-3044-41AE-A670-21B310BA6923}.Release|Any CPU.Build.0 = Release|Any CPU
	EndGlobalSection
	GlobalSection(SolutionProperties) = preSolution
		HideSolutionNode = FALSE
	EndGlobalSection
	GlobalSection(ExtensibilityGlobals) = postSolution
		SolutionGuid = {C4968F33-DA65-4268-8010-2399C03FCC0D}
	EndGlobalSection
EndGlobal
